
Microsoft Visual Studio Solution File, Format Version 12.00
# Visual Studio Version 16
VisualStudioVersion = 16.0.30413.136
MinimumVisualStudioVersion = 10.0.40219.1
Project("{FAE04EC0-301F-11D3-BF4B-00C04F79EFBC}") = "Algoritmo 1", "Algoritmo 1.csproj", "{299FD1D9-C413-4872-B2B8-660A05147572}"
EndProject
Global
	GlobalSection(SolutionConfigurationPlatforms) = preSolution
		Debug|Any CPU = Debug|Any CPU
		Release|Any CPU = Release|Any CPU
	EndGlobalSection
	GlobalSection(ProjectConfigurationPlatforms) = postSolution
		{299FD1D9-C413-4872-B2B8-660A05147572}.Debug|Any CPU.ActiveCfg = Debug|Any CPU
		{299FD1D9-C413-4872-B2B8-660A05147572}.Debug|Any CPU.Build.0 = Debug|Any CPU
		{299FD1D9-C413-4872-B2B8-660A05147572}.Release|Any CPU.ActiveCfg = Release|Any CPU
		{299FD1D9-C413-4872-B2B8-660A05147572}.Release|Any CPU.Build.0 = Release|Any CPU
	EndGlobalSection
	GlobalSection(SolutionProperties) = preSolution
		HideSolutionNode = FALSE
	EndGlobalSection
	GlobalSection(ExtensibilityGlobals) = postSolution
		SolutionGuid = {0EFCD95F-51CB-48BE-AD4E-9DE86F8B93E2}
	EndGlobalSection
EndGlobal
