
Microsoft Visual Studio Solution File, Format Version 12.00
# Visual Studio Version 16
VisualStudioVersion = 16.0.30413.136
MinimumVisualStudioVersion = 10.0.40219.1
Project("{FAE04EC0-301F-11D3-BF4B-00C04F79EFBC}") = "Ejercicio 1", "Ejercicio 1.csproj", "{DE8DFD02-E458-47A2-9D75-B2E3EF5B275A}"
EndProject
Global
	GlobalSection(SolutionConfigurationPlatforms) = preSolution
		Debug|Any CPU = Debug|Any CPU
		Release|Any CPU = Release|Any CPU
	EndGlobalSection
	GlobalSection(ProjectConfigurationPlatforms) = postSolution
		{DE8DFD02-E458-47A2-9D75-B2E3EF5B275A}.Debug|Any CPU.ActiveCfg = Debug|Any CPU
		{DE8DFD02-E458-47A2-9D75-B2E3EF5B275A}.Debug|Any CPU.Build.0 = Debug|Any CPU
		{DE8DFD02-E458-47A2-9D75-B2E3EF5B275A}.Release|Any CPU.ActiveCfg = Release|Any CPU
		{DE8DFD02-E458-47A2-9D75-B2E3EF5B275A}.Release|Any CPU.Build.0 = Release|Any CPU
	EndGlobalSection
	GlobalSection(SolutionProperties) = preSolution
		HideSolutionNode = FALSE
	EndGlobalSection
	GlobalSection(ExtensibilityGlobals) = postSolution
		SolutionGuid = {2412E1F9-8740-470A-9824-D450FFBA9CC4}
	EndGlobalSection
EndGlobal
