
Microsoft Visual Studio Solution File, Format Version 12.00
# Visual Studio Version 16
VisualStudioVersion = 16.0.30503.244
MinimumVisualStudioVersion = 10.0.40219.1
Project("{FAE04EC0-301F-11D3-BF4B-00C04F79EFBC}") = "Ejercicios pilas Nu5", "Ejercicios pilas Nu5.csproj", "{B4203034-C8CC-4510-AEC7-9EFE3E45C215}"
EndProject
Global
	GlobalSection(SolutionConfigurationPlatforms) = preSolution
		Debug|Any CPU = Debug|Any CPU
		Release|Any CPU = Release|Any CPU
	EndGlobalSection
	GlobalSection(ProjectConfigurationPlatforms) = postSolution
		{B4203034-C8CC-4510-AEC7-9EFE3E45C215}.Debug|Any CPU.ActiveCfg = Debug|Any CPU
		{B4203034-C8CC-4510-AEC7-9EFE3E45C215}.Debug|Any CPU.Build.0 = Debug|Any CPU
		{B4203034-C8CC-4510-AEC7-9EFE3E45C215}.Release|Any CPU.ActiveCfg = Release|Any CPU
		{B4203034-C8CC-4510-AEC7-9EFE3E45C215}.Release|Any CPU.Build.0 = Release|Any CPU
	EndGlobalSection
	GlobalSection(SolutionProperties) = preSolution
		HideSolutionNode = FALSE
	EndGlobalSection
	GlobalSection(ExtensibilityGlobals) = postSolution
		SolutionGuid = {54E264A5-D8D7-4D6A-9DEA-3878DA343734}
	EndGlobalSection
EndGlobal
