
Microsoft Visual Studio Solution File, Format Version 12.00
# Visual Studio Version 16
VisualStudioVersion = 16.0.30413.136
MinimumVisualStudioVersion = 10.0.40219.1
Project("{FAE04EC0-301F-11D3-BF4B-00C04F79EFBC}") = "Algoritmo2", "Algoritmo2.csproj", "{0357B56E-C4D2-4EEE-92E3-A0D94288C43A}"
EndProject
Global
	GlobalSection(SolutionConfigurationPlatforms) = preSolution
		Debug|Any CPU = Debug|Any CPU
		Release|Any CPU = Release|Any CPU
	EndGlobalSection
	GlobalSection(ProjectConfigurationPlatforms) = postSolution
		{0357B56E-C4D2-4EEE-92E3-A0D94288C43A}.Debug|Any CPU.ActiveCfg = Debug|Any CPU
		{0357B56E-C4D2-4EEE-92E3-A0D94288C43A}.Debug|Any CPU.Build.0 = Debug|Any CPU
		{0357B56E-C4D2-4EEE-92E3-A0D94288C43A}.Release|Any CPU.ActiveCfg = Release|Any CPU
		{0357B56E-C4D2-4EEE-92E3-A0D94288C43A}.Release|Any CPU.Build.0 = Release|Any CPU
	EndGlobalSection
	GlobalSection(SolutionProperties) = preSolution
		HideSolutionNode = FALSE
	EndGlobalSection
	GlobalSection(ExtensibilityGlobals) = postSolution
		SolutionGuid = {531C425A-A379-4230-BECB-5A815177BB8E}
	EndGlobalSection
EndGlobal
