
Microsoft Visual Studio Solution File, Format Version 12.00
# Visual Studio Version 16
VisualStudioVersion = 16.0.30503.244
MinimumVisualStudioVersion = 10.0.40219.1
Project("{FAE04EC0-301F-11D3-BF4B-00C04F79EFBC}") = "Ejercicio 16", "Ejercicio 16.csproj", "{5C05256C-1FA9-4E6E-A16F-3F02FF826587}"
EndProject
Global
	GlobalSection(SolutionConfigurationPlatforms) = preSolution
		Debug|Any CPU = Debug|Any CPU
		Release|Any CPU = Release|Any CPU
	EndGlobalSection
	GlobalSection(ProjectConfigurationPlatforms) = postSolution
		{5C05256C-1FA9-4E6E-A16F-3F02FF826587}.Debug|Any CPU.ActiveCfg = Debug|Any CPU
		{5C05256C-1FA9-4E6E-A16F-3F02FF826587}.Debug|Any CPU.Build.0 = Debug|Any CPU
		{5C05256C-1FA9-4E6E-A16F-3F02FF826587}.Release|Any CPU.ActiveCfg = Release|Any CPU
		{5C05256C-1FA9-4E6E-A16F-3F02FF826587}.Release|Any CPU.Build.0 = Release|Any CPU
	EndGlobalSection
	GlobalSection(SolutionProperties) = preSolution
		HideSolutionNode = FALSE
	EndGlobalSection
	GlobalSection(ExtensibilityGlobals) = postSolution
		SolutionGuid = {0944A97D-1355-45CB-B05E-4A3E99788717}
	EndGlobalSection
EndGlobal
