
Microsoft Visual Studio Solution File, Format Version 12.00
# Visual Studio Version 16
VisualStudioVersion = 16.0.30621.155
MinimumVisualStudioVersion = 10.0.40219.1
Project("{FAE04EC0-301F-11D3-BF4B-00C04F79EFBC}") = "Ejercicio 1", "Ejercicio 1.csproj", "{BA729C72-9EA6-4A26-B6B4-45EA766EF45D}"
EndProject
Global
	GlobalSection(SolutionConfigurationPlatforms) = preSolution
		Debug|Any CPU = Debug|Any CPU
		Release|Any CPU = Release|Any CPU
	EndGlobalSection
	GlobalSection(ProjectConfigurationPlatforms) = postSolution
		{BA729C72-9EA6-4A26-B6B4-45EA766EF45D}.Debug|Any CPU.ActiveCfg = Debug|Any CPU
		{BA729C72-9EA6-4A26-B6B4-45EA766EF45D}.Debug|Any CPU.Build.0 = Debug|Any CPU
		{BA729C72-9EA6-4A26-B6B4-45EA766EF45D}.Release|Any CPU.ActiveCfg = Release|Any CPU
		{BA729C72-9EA6-4A26-B6B4-45EA766EF45D}.Release|Any CPU.Build.0 = Release|Any CPU
	EndGlobalSection
	GlobalSection(SolutionProperties) = preSolution
		HideSolutionNode = FALSE
	EndGlobalSection
	GlobalSection(ExtensibilityGlobals) = postSolution
		SolutionGuid = {86207147-FB83-47B9-88A4-3F4B7316B2DE}
	EndGlobalSection
EndGlobal
